
Microsoft Visual Studio Solution File, Format Version 12.00
# Visual Studio Version 16
VisualStudioVersion = 16.0.29806.167
MinimumVisualStudioVersion = 10.0.40219.1
Project("{9A19103F-16F7-4668-BE54-9A1E7A4F7556}") = "StudentCourse", "StudentCourse\StudentCourse.csproj", "{A6896807-8F55-400F-A8DA-59EE7FFED6C1}"
EndProject
Project("{2150E333-8FDC-42A3-9474-1A3956D46DE8}") = "Solution Items", "Solution Items", "{B365304B-A10E-4699-8FDC-4C30F4F4905F}"
	ProjectSection(SolutionItems) = preProject
		StudentPoco.cs = StudentPoco.cs
	EndProjectSection
EndProject
Project("{9A19103F-16F7-4668-BE54-9A1E7A4F7556}") = "EntityDataAccessLayer", "EntityDataAccessLayer\EntityDataAccessLayer.csproj", "{7B7E6ED6-4FF9-41CA-A3CD-D9BE59EF1480}"
EndProject
Project("{FAE04EC0-301F-11D3-BF4B-00C04F79EFBC}") = "BusinessLogicLayer", "BusinessLogicLayer\BusinessLogicLayer.csproj", "{B6FA1DB5-0BE3-455B-BFA5-63951E34A616}"
EndProject
Project("{FAE04EC0-301F-11D3-BF4B-00C04F79EFBC}") = "WebAPI", "WebAPI\WebAPI.csproj", "{7352B7F0-D461-48F1-90C9-C6220593BA3F}"
EndProject
Global
	GlobalSection(SolutionConfigurationPlatforms) = preSolution
		Debug|Any CPU = Debug|Any CPU
		Release|Any CPU = Release|Any CPU
	EndGlobalSection
	GlobalSection(ProjectConfigurationPlatforms) = postSolution
		{A6896807-8F55-400F-A8DA-59EE7FFED6C1}.Debug|Any CPU.ActiveCfg = Debug|Any CPU
		{A6896807-8F55-400F-A8DA-59EE7FFED6C1}.Debug|Any CPU.Build.0 = Debug|Any CPU
		{A6896807-8F55-400F-A8DA-59EE7FFED6C1}.Release|Any CPU.ActiveCfg = Release|Any CPU
		{A6896807-8F55-400F-A8DA-59EE7FFED6C1}.Release|Any CPU.Build.0 = Release|Any CPU
		{7B7E6ED6-4FF9-41CA-A3CD-D9BE59EF1480}.Debug|Any CPU.ActiveCfg = Debug|Any CPU
		{7B7E6ED6-4FF9-41CA-A3CD-D9BE59EF1480}.Debug|Any CPU.Build.0 = Debug|Any CPU
		{7B7E6ED6-4FF9-41CA-A3CD-D9BE59EF1480}.Release|Any CPU.ActiveCfg = Release|Any CPU
		{7B7E6ED6-4FF9-41CA-A3CD-D9BE59EF1480}.Release|Any CPU.Build.0 = Release|Any CPU
		{B6FA1DB5-0BE3-455B-BFA5-63951E34A616}.Debug|Any CPU.ActiveCfg = Debug|Any CPU
		{B6FA1DB5-0BE3-455B-BFA5-63951E34A616}.Debug|Any CPU.Build.0 = Debug|Any CPU
		{B6FA1DB5-0BE3-455B-BFA5-63951E34A616}.Release|Any CPU.ActiveCfg = Release|Any CPU
		{B6FA1DB5-0BE3-455B-BFA5-63951E34A616}.Release|Any CPU.Build.0 = Release|Any CPU
		{7352B7F0-D461-48F1-90C9-C6220593BA3F}.Debug|Any CPU.ActiveCfg = Debug|Any CPU
		{7352B7F0-D461-48F1-90C9-C6220593BA3F}.Debug|Any CPU.Build.0 = Debug|Any CPU
		{7352B7F0-D461-48F1-90C9-C6220593BA3F}.Release|Any CPU.ActiveCfg = Release|Any CPU
		{7352B7F0-D461-48F1-90C9-C6220593BA3F}.Release|Any CPU.Build.0 = Release|Any CPU
	EndGlobalSection
	GlobalSection(SolutionProperties) = preSolution
		HideSolutionNode = FALSE
	EndGlobalSection
	GlobalSection(ExtensibilityGlobals) = postSolution
		SolutionGuid = {9C0152D1-4987-4F0A-BC7D-CAD02C309A83}
	EndGlobalSection
EndGlobal
